{
	"name": "@brendangooch/simple-renderer",
	"version": "2.1.1",
	"lockfileVersion": 3,
	"requires": true,
	"packages": {
		"": {
			"name": "@brendangooch/simple-renderer",
			"version": "2.1.1",
			"license": "MIT",
			"dependencies": {
				"@brendangooch/canvas": "^4.0.0"
			},
			"devDependencies": {
				"typescript": "^5.4.5"
			}
		},
		"node_modules/@brendangooch/canvas": {
			"version": "4.0.0",
			"resolved": "https://registry.npmjs.org/@brendangooch/canvas/-/canvas-4.0.0.tgz",
			"integrity": "sha512-pXUYY3AcEl5XMtc+NyjnATXallfVb0T4vYaCZskNj+TX8RH730CN5BBNui3qyLnOIom+43Gd+Ep3sisgtK0o3w==",
			"license": "MIT",
			"dependencies": {
				"@brendangooch/image-sprite": "^4.0.0",
				"@brendangooch/maths": "^3.0.0"
			}
		},
		"node_modules/@brendangooch/image-sprite": {
			"version": "4.0.0",
			"resolved": "https://registry.npmjs.org/@brendangooch/image-sprite/-/image-sprite-4.0.0.tgz",
			"integrity": "sha512-jvm++6Gi3cRuQOoN2lG7qYOyutQHKSynyWxqUb87V/IRPqbsdCTSOWQtTaqsW0XW5f+DJA1kjO8J93EoAV/uFw==",
			"license": "MIT"
		},
		"node_modules/@brendangooch/maths": {
			"version": "3.0.0",
			"resolved": "https://registry.npmjs.org/@brendangooch/maths/-/maths-3.0.0.tgz",
			"integrity": "sha512-F0zd9eQ46OEhodaEdCqOflNbZob/Pll0kQB/X/bTqOAYpRiywF/1swp2GPk3YPzP1z6zcGGVc7/ES+yXp2c/VQ==",
			"license": "MIT"
		},
		"node_modules/typescript": {
			"version": "5.4.5",
			"resolved": "https://registry.npmjs.org/typescript/-/typescript-5.4.5.tgz",
			"integrity": "sha512-vcI4UpRgg81oIRUFwR0WSIHKt11nJ7SAVlYNIu+QpqeyXP+gpQJy/Z4+F0aGxSE4MqwjyXvW/TzgkLAx2AGHwQ==",
			"dev": true,
			"license": "Apache-2.0",
			"bin": {
				"tsc": "bin/tsc",
				"tsserver": "bin/tsserver"
			},
			"engines": {
				"node": ">=14.17"
			}
		}
	}
}
