{
  "name": "@brendangooch/counter",
  "version": "1.0.0",
  "lockfileVersion": 3,
  "requires": true,
  "packages": {
    "": {
      "name": "@brendangooch/counter",
      "version": "1.0.0",
      "license": "MIT",
      "dependencies": {
        "@brendangooch/canvas": "^1.0.0"
      },
      "devDependencies": {
        "typescript": "^5.4.5"
      }
    },
    "node_modules/@brendangooch/canvas": {
      "version": "1.0.0",
      "resolved": "https://registry.npmjs.org/@brendangooch/canvas/-/canvas-1.0.0.tgz",
      "integrity": "sha512-pOcT5jfg0NjW//YCuczd8KqPp1tSnzOFZZYhV0U9nUdU5EjBkhNJf7X9PVIkiJHbGmHj0xA+KBfwX2e9lgm+Vw==",
      "license": "MIT"
    },
    "node_modules/typescript": {
      "version": "5.4.5",
      "resolved": "https://registry.npmjs.org/typescript/-/typescript-5.4.5.tgz",
      "integrity": "sha512-vcI4UpRgg81oIRUFwR0WSIHKt11nJ7SAVlYNIu+QpqeyXP+gpQJy/Z4+F0aGxSE4MqwjyXvW/TzgkLAx2AGHwQ==",
      "dev": true,
      "license": "Apache-2.0",
      "bin": {
        "tsc": "bin/tsc",
        "tsserver": "bin/tsserver"
      },
      "engines": {
        "node": ">=14.17"
      }
    }
  }
}
